
Microsoft Visual Studio Solution File, Format Version 12.00
# Visual Studio Version 17
VisualStudioVersion = 17.7.34221.43
MinimumVisualStudioVersion = 10.0.40219.1
Project("{FAE04EC0-301F-11D3-BF4B-00C04F79EFBC}") = "sum", "sum\sum.csproj", "{DEF3A681-B588-4360-8FE4-47D6A604B47F}"
EndProject
Project("{FAE04EC0-301F-11D3-BF4B-00C04F79EFBC}") = "uLibrary", "uLibrary\uLibrary.csproj", "{5E3F963B-4D40-477B-843F-6F402CFEE0CC}"
EndProject
Global
	GlobalSection(SolutionConfigurationPlatforms) = preSolution
		Debug|Any CPU = Debug|Any CPU
		Release|Any CPU = Release|Any CPU
	EndGlobalSection
	GlobalSection(ProjectConfigurationPlatforms) = postSolution
		{DEF3A681-B588-4360-8FE4-47D6A604B47F}.Debug|Any CPU.ActiveCfg = Debug|Any CPU
		{DEF3A681-B588-4360-8FE4-47D6A604B47F}.Debug|Any CPU.Build.0 = Debug|Any CPU
		{DEF3A681-B588-4360-8FE4-47D6A604B47F}.Release|Any CPU.ActiveCfg = Release|Any CPU
		{DEF3A681-B588-4360-8FE4-47D6A604B47F}.Release|Any CPU.Build.0 = Release|Any CPU
		{5E3F963B-4D40-477B-843F-6F402CFEE0CC}.Debug|Any CPU.ActiveCfg = Debug|Any CPU
		{5E3F963B-4D40-477B-843F-6F402CFEE0CC}.Debug|Any CPU.Build.0 = Debug|Any CPU
		{5E3F963B-4D40-477B-843F-6F402CFEE0CC}.Release|Any CPU.ActiveCfg = Release|Any CPU
		{5E3F963B-4D40-477B-843F-6F402CFEE0CC}.Release|Any CPU.Build.0 = Release|Any CPU
	EndGlobalSection
	GlobalSection(SolutionProperties) = preSolution
		HideSolutionNode = FALSE
	EndGlobalSection
	GlobalSection(ExtensibilityGlobals) = postSolution
		SolutionGuid = {A170F417-FB47-4612-AE18-AA13F454946E}
	EndGlobalSection
EndGlobal
