
Microsoft Visual Studio Solution File, Format Version 12.00
# Visual Studio Version 17
VisualStudioVersion = 17.7.34031.279
MinimumVisualStudioVersion = 10.0.40219.1
Project("{FAE04EC0-301F-11D3-BF4B-00C04F79EFBC}") = "phase1section4.33", "phase1section4.33.csproj", "{A10D71DB-9A1B-4104-9643-6E4FF8CF9FAC}"
EndProject
Global
	GlobalSection(SolutionConfigurationPlatforms) = preSolution
		Debug|Any CPU = Debug|Any CPU
		Release|Any CPU = Release|Any CPU
	EndGlobalSection
	GlobalSection(ProjectConfigurationPlatforms) = postSolution
		{A10D71DB-9A1B-4104-9643-6E4FF8CF9FAC}.Debug|Any CPU.ActiveCfg = Debug|Any CPU
		{A10D71DB-9A1B-4104-9643-6E4FF8CF9FAC}.Debug|Any CPU.Build.0 = Debug|Any CPU
		{A10D71DB-9A1B-4104-9643-6E4FF8CF9FAC}.Release|Any CPU.ActiveCfg = Release|Any CPU
		{A10D71DB-9A1B-4104-9643-6E4FF8CF9FAC}.Release|Any CPU.Build.0 = Release|Any CPU
	EndGlobalSection
	GlobalSection(SolutionProperties) = preSolution
		HideSolutionNode = FALSE
	EndGlobalSection
	GlobalSection(ExtensibilityGlobals) = postSolution
		SolutionGuid = {5F2BB61F-B975-41E7-969D-FA1A47B8DD3F}
	EndGlobalSection
EndGlobal
