
Microsoft Visual Studio Solution File, Format Version 12.00
# Visual Studio Version 17
VisualStudioVersion = 17.7.34221.43
MinimumVisualStudioVersion = 10.0.40219.1
Project("{FAE04EC0-301F-11D3-BF4B-00C04F79EFBC}") = "WebAPII", "WebAPII\WebAPII.csproj", "{4720151D-02D9-471A-BC90-35381ECD8F49}"
EndProject
Global
	GlobalSection(SolutionConfigurationPlatforms) = preSolution
		Debug|Any CPU = Debug|Any CPU
		Release|Any CPU = Release|Any CPU
	EndGlobalSection
	GlobalSection(ProjectConfigurationPlatforms) = postSolution
		{4720151D-02D9-471A-BC90-35381ECD8F49}.Debug|Any CPU.ActiveCfg = Debug|Any CPU
		{4720151D-02D9-471A-BC90-35381ECD8F49}.Debug|Any CPU.Build.0 = Debug|Any CPU
		{4720151D-02D9-471A-BC90-35381ECD8F49}.Release|Any CPU.ActiveCfg = Release|Any CPU
		{4720151D-02D9-471A-BC90-35381ECD8F49}.Release|Any CPU.Build.0 = Release|Any CPU
	EndGlobalSection
	GlobalSection(SolutionProperties) = preSolution
		HideSolutionNode = FALSE
	EndGlobalSection
	GlobalSection(ExtensibilityGlobals) = postSolution
		SolutionGuid = {4DE34B1F-8ADE-461C-9B83-06B48FAB479E}
	EndGlobalSection
EndGlobal
