
Microsoft Visual Studio Solution File, Format Version 12.00
# Visual Studio Version 17
VisualStudioVersion = 17.7.34031.279
MinimumVisualStudioVersion = 10.0.40219.1
Project("{FAE04EC0-301F-11D3-BF4B-00C04F79EFBC}") = "phase1section3.6", "phase1section3.6\phase1section3.6.csproj", "{73B0AB6C-AB1D-4CF2-A932-09EB1B6DE29D}"
EndProject
Global
	GlobalSection(SolutionConfigurationPlatforms) = preSolution
		Debug|Any CPU = Debug|Any CPU
		Release|Any CPU = Release|Any CPU
	EndGlobalSection
	GlobalSection(ProjectConfigurationPlatforms) = postSolution
		{73B0AB6C-AB1D-4CF2-A932-09EB1B6DE29D}.Debug|Any CPU.ActiveCfg = Debug|Any CPU
		{73B0AB6C-AB1D-4CF2-A932-09EB1B6DE29D}.Debug|Any CPU.Build.0 = Debug|Any CPU
		{73B0AB6C-AB1D-4CF2-A932-09EB1B6DE29D}.Release|Any CPU.ActiveCfg = Release|Any CPU
		{73B0AB6C-AB1D-4CF2-A932-09EB1B6DE29D}.Release|Any CPU.Build.0 = Release|Any CPU
	EndGlobalSection
	GlobalSection(SolutionProperties) = preSolution
		HideSolutionNode = FALSE
	EndGlobalSection
	GlobalSection(ExtensibilityGlobals) = postSolution
		SolutionGuid = {8AD6E280-709E-4DA3-B788-E06B20F73971}
	EndGlobalSection
EndGlobal
