
Microsoft Visual Studio Solution File, Format Version 12.00
# Visual Studio Version 17
VisualStudioVersion = 17.7.34031.279
MinimumVisualStudioVersion = 10.0.40219.1
Project("{FAE04EC0-301F-11D3-BF4B-00C04F79EFBC}") = "phase1section3.12", "phase1section3.12.csproj", "{3DFC976C-79C1-4454-8BDB-6FD7439B7294}"
EndProject
Global
	GlobalSection(SolutionConfigurationPlatforms) = preSolution
		Debug|Any CPU = Debug|Any CPU
		Release|Any CPU = Release|Any CPU
	EndGlobalSection
	GlobalSection(ProjectConfigurationPlatforms) = postSolution
		{3DFC976C-79C1-4454-8BDB-6FD7439B7294}.Debug|Any CPU.ActiveCfg = Debug|Any CPU
		{3DFC976C-79C1-4454-8BDB-6FD7439B7294}.Debug|Any CPU.Build.0 = Debug|Any CPU
		{3DFC976C-79C1-4454-8BDB-6FD7439B7294}.Release|Any CPU.ActiveCfg = Release|Any CPU
		{3DFC976C-79C1-4454-8BDB-6FD7439B7294}.Release|Any CPU.Build.0 = Release|Any CPU
	EndGlobalSection
	GlobalSection(SolutionProperties) = preSolution
		HideSolutionNode = FALSE
	EndGlobalSection
	GlobalSection(ExtensibilityGlobals) = postSolution
		SolutionGuid = {3F10502A-37E3-42EC-A9F9-4C0463A7F0DF}
	EndGlobalSection
EndGlobal
