
Microsoft Visual Studio Solution File, Format Version 12.00
# Visual Studio Version 17
VisualStudioVersion = 17.7.34031.279
MinimumVisualStudioVersion = 10.0.40219.1
Project("{FAE04EC0-301F-11D3-BF4B-00C04F79EFBC}") = "mutexdemo", "mutexdemo.csproj", "{3F9C453F-1591-4B11-9C17-745A675620B8}"
EndProject
Global
	GlobalSection(SolutionConfigurationPlatforms) = preSolution
		Debug|Any CPU = Debug|Any CPU
		Release|Any CPU = Release|Any CPU
	EndGlobalSection
	GlobalSection(ProjectConfigurationPlatforms) = postSolution
		{3F9C453F-1591-4B11-9C17-745A675620B8}.Debug|Any CPU.ActiveCfg = Debug|Any CPU
		{3F9C453F-1591-4B11-9C17-745A675620B8}.Debug|Any CPU.Build.0 = Debug|Any CPU
		{3F9C453F-1591-4B11-9C17-745A675620B8}.Release|Any CPU.ActiveCfg = Release|Any CPU
		{3F9C453F-1591-4B11-9C17-745A675620B8}.Release|Any CPU.Build.0 = Release|Any CPU
	EndGlobalSection
	GlobalSection(SolutionProperties) = preSolution
		HideSolutionNode = FALSE
	EndGlobalSection
	GlobalSection(ExtensibilityGlobals) = postSolution
		SolutionGuid = {0AF41E0E-3E95-426C-964A-8F97B02AE2A3}
	EndGlobalSection
EndGlobal
