
Microsoft Visual Studio Solution File, Format Version 12.00
# Visual Studio Version 17
VisualStudioVersion = 17.7.34031.279
MinimumVisualStudioVersion = 10.0.40219.1
Project("{FAE04EC0-301F-11D3-BF4B-00C04F79EFBC}") = "Polymorphism", "Polymorphism.csproj", "{DB592D6E-142B-4E16-A9B3-D0C2B142CB32}"
EndProject
Global
	GlobalSection(SolutionConfigurationPlatforms) = preSolution
		Debug|Any CPU = Debug|Any CPU
		Release|Any CPU = Release|Any CPU
	EndGlobalSection
	GlobalSection(ProjectConfigurationPlatforms) = postSolution
		{DB592D6E-142B-4E16-A9B3-D0C2B142CB32}.Debug|Any CPU.ActiveCfg = Debug|Any CPU
		{DB592D6E-142B-4E16-A9B3-D0C2B142CB32}.Debug|Any CPU.Build.0 = Debug|Any CPU
		{DB592D6E-142B-4E16-A9B3-D0C2B142CB32}.Release|Any CPU.ActiveCfg = Release|Any CPU
		{DB592D6E-142B-4E16-A9B3-D0C2B142CB32}.Release|Any CPU.Build.0 = Release|Any CPU
	EndGlobalSection
	GlobalSection(SolutionProperties) = preSolution
		HideSolutionNode = FALSE
	EndGlobalSection
	GlobalSection(ExtensibilityGlobals) = postSolution
		SolutionGuid = {7FED00B0-183C-4F33-B8EE-8C2EDAF8CFF8}
	EndGlobalSection
EndGlobal
